
Microsoft Visual Studio Solution File, Format Version 12.00
# Visual Studio 15
VisualStudioVersion = 15.0.28307.168
MinimumVisualStudioVersion = 10.0.40219.1
Project("{FAE04EC0-301F-11D3-BF4B-00C04F79EFBC}") = "XamarinBehaviors.Android", "XamarinBehaviors\XamarinBehaviors.Android\XamarinBehaviors.Android.csproj", "{FAA13630-ADB1-4F33-BBE1-D413259914D0}"
EndProject
Project("{FAE04EC0-301F-11D3-BF4B-00C04F79EFBC}") = "XamarinBehaviors.iOS", "XamarinBehaviors\XamarinBehaviors.iOS\XamarinBehaviors.iOS.csproj", "{DEA1E715-D35E-4692-9BB5-8597484E6D26}"
EndProject
Project("{FAE04EC0-301F-11D3-BF4B-00C04F79EFBC}") = "XamarinBehaviors.UWP", "XamarinBehaviors\XamarinBehaviors.UWP\XamarinBehaviors.UWP.csproj", "{36054587-341E-41A2-899E-A635B27DE3C3}"
EndProject
Project("{FAE04EC0-301F-11D3-BF4B-00C04F79EFBC}") = "XamarinBehaviors", "XamarinBehaviors\XamarinBehaviors\XamarinBehaviors.csproj", "{8BB23A8A-82C2-4370-9CB4-94A27E156F2F}"
EndProject
Global
	GlobalSection(SolutionConfigurationPlatforms) = preSolution
		Ad-Hoc|Any CPU = Ad-Hoc|Any CPU
		Ad-Hoc|ARM = Ad-Hoc|ARM
		Ad-Hoc|iPhone = Ad-Hoc|iPhone
		Ad-Hoc|iPhoneSimulator = Ad-Hoc|iPhoneSimulator
		Ad-Hoc|x64 = Ad-Hoc|x64
		Ad-Hoc|x86 = Ad-Hoc|x86
		AppStore|Any CPU = AppStore|Any CPU
		AppStore|ARM = AppStore|ARM
		AppStore|iPhone = AppStore|iPhone
		AppStore|iPhoneSimulator = AppStore|iPhoneSimulator
		AppStore|x64 = AppStore|x64
		AppStore|x86 = AppStore|x86
		Debug|Any CPU = Debug|Any CPU
		Debug|ARM = Debug|ARM
		Debug|iPhone = Debug|iPhone
		Debug|iPhoneSimulator = Debug|iPhoneSimulator
		Debug|x64 = Debug|x64
		Debug|x86 = Debug|x86
		Release|Any CPU = Release|Any CPU
		Release|ARM = Release|ARM
		Release|iPhone = Release|iPhone
		Release|iPhoneSimulator = Release|iPhoneSimulator
		Release|x64 = Release|x64
		Release|x86 = Release|x86
	EndGlobalSection
	GlobalSection(ProjectConfigurationPlatforms) = postSolution
		{FAA13630-ADB1-4F33-BBE1-D413259914D0}.Ad-Hoc|Any CPU.ActiveCfg = Release|Any CPU
		{FAA13630-ADB1-4F33-BBE1-D413259914D0}.Ad-Hoc|Any CPU.Build.0 = Release|Any CPU
		{FAA13630-ADB1-4F33-BBE1-D413259914D0}.Ad-Hoc|Any CPU.Deploy.0 = Release|Any CPU
		{FAA13630-ADB1-4F33-BBE1-D413259914D0}.Ad-Hoc|ARM.ActiveCfg = Release|Any CPU
		{FAA13630-ADB1-4F33-BBE1-D413259914D0}.Ad-Hoc|ARM.Build.0 = Release|Any CPU
		{FAA13630-ADB1-4F33-BBE1-D413259914D0}.Ad-Hoc|ARM.Deploy.0 = Release|Any CPU
		{FAA13630-ADB1-4F33-BBE1-D413259914D0}.Ad-Hoc|iPhone.ActiveCfg = Release|Any CPU
		{FAA13630-ADB1-4F33-BBE1-D413259914D0}.Ad-Hoc|iPhone.Build.0 = Release|Any CPU
		{FAA13630-ADB1-4F33-BBE1-D413259914D0}.Ad-Hoc|iPhone.Deploy.0 = Release|Any CPU
		{FAA13630-ADB1-4F33-BBE1-D413259914D0}.Ad-Hoc|iPhoneSimulator.ActiveCfg = Release|Any CPU
		{FAA13630-ADB1-4F33-BBE1-D413259914D0}.Ad-Hoc|iPhoneSimulator.Build.0 = Release|Any CPU
		{FAA13630-ADB1-4F33-BBE1-D413259914D0}.Ad-Hoc|iPhoneSimulator.Deploy.0 = Release|Any CPU
		{FAA13630-ADB1-4F33-BBE1-D413259914D0}.Ad-Hoc|x64.ActiveCfg = Release|Any CPU
		{FAA13630-ADB1-4F33-BBE1-D413259914D0}.Ad-Hoc|x64.Build.0 = Release|Any CPU
		{FAA13630-ADB1-4F33-BBE1-D413259914D0}.Ad-Hoc|x64.Deploy.0 = Release|Any CPU
		{FAA13630-ADB1-4F33-BBE1-D413259914D0}.Ad-Hoc|x86.ActiveCfg = Release|Any CPU
		{FAA13630-ADB1-4F33-BBE1-D413259914D0}.Ad-Hoc|x86.Build.0 = Release|Any CPU
		{FAA13630-ADB1-4F33-BBE1-D413259914D0}.Ad-Hoc|x86.Deploy.0 = Release|Any CPU
		{FAA13630-ADB1-4F33-BBE1-D413259914D0}.AppStore|Any CPU.ActiveCfg = Release|Any CPU
		{FAA13630-ADB1-4F33-BBE1-D413259914D0}.AppStore|Any CPU.Build.0 = Release|Any CPU
		{FAA13630-ADB1-4F33-BBE1-D413259914D0}.AppStore|Any CPU.Deploy.0 = Release|Any CPU
		{FAA13630-ADB1-4F33-BBE1-D413259914D0}.AppStore|ARM.ActiveCfg = Release|Any CPU
		{FAA13630-ADB1-4F33-BBE1-D413259914D0}.AppStore|ARM.Build.0 = Release|Any CPU
		{FAA13630-ADB1-4F33-BBE1-D413259914D0}.AppStore|ARM.Deploy.0 = Release|Any CPU
		{FAA13630-ADB1-4F33-BBE1-D413259914D0}.AppStore|iPhone.ActiveCfg = Release|Any CPU
		{FAA13630-ADB1-4F33-BBE1-D413259914D0}.AppStore|iPhone.Build.0 = Release|Any CPU
		{FAA13630-ADB1-4F33-BBE1-D413259914D0}.AppStore|iPhone.Deploy.0 = Release|Any CPU
		{FAA13630-ADB1-4F33-BBE1-D413259914D0}.AppStore|iPhoneSimulator.ActiveCfg = Release|Any CPU
		{FAA13630-ADB1-4F33-BBE1-D413259914D0}.AppStore|iPhoneSimulator.Build.0 = Release|Any CPU
		{FAA13630-ADB1-4F33-BBE1-D413259914D0}.AppStore|iPhoneSimulator.Deploy.0 = Release|Any CPU
		{FAA13630-ADB1-4F33-BBE1-D413259914D0}.AppStore|x64.ActiveCfg = Release|Any CPU
		{FAA13630-ADB1-4F33-BBE1-D413259914D0}.AppStore|x64.Build.0 = Release|Any CPU
		{FAA13630-ADB1-4F33-BBE1-D413259914D0}.AppStore|x64.Deploy.0 = Release|Any CPU
		{FAA13630-ADB1-4F33-BBE1-D413259914D0}.AppStore|x86.ActiveCfg = Release|Any CPU
		{FAA13630-ADB1-4F33-BBE1-D413259914D0}.AppStore|x86.Build.0 = Release|Any CPU
		{FAA13630-ADB1-4F33-BBE1-D413259914D0}.AppStore|x86.Deploy.0 = Release|Any CPU
		{FAA13630-ADB1-4F33-BBE1-D413259914D0}.Debug|Any CPU.ActiveCfg = Debug|Any CPU
		{FAA13630-ADB1-4F33-BBE1-D413259914D0}.Debug|Any CPU.Build.0 = Debug|Any CPU
		{FAA13630-ADB1-4F33-BBE1-D413259914D0}.Debug|Any CPU.Deploy.0 = Debug|Any CPU
		{FAA13630-ADB1-4F33-BBE1-D413259914D0}.Debug|ARM.ActiveCfg = Debug|Any CPU
		{FAA13630-ADB1-4F33-BBE1-D413259914D0}.Debug|ARM.Build.0 = Debug|Any CPU
		{FAA13630-ADB1-4F33-BBE1-D413259914D0}.Debug|ARM.Deploy.0 = Debug|Any CPU
		{FAA13630-ADB1-4F33-BBE1-D413259914D0}.Debug|iPhone.ActiveCfg = Debug|Any CPU
		{FAA13630-ADB1-4F33-BBE1-D413259914D0}.Debug|iPhone.Build.0 = Debug|Any CPU
		{FAA13630-ADB1-4F33-BBE1-D413259914D0}.Debug|iPhone.Deploy.0 = Debug|Any CPU
		{FAA13630-ADB1-4F33-BBE1-D413259914D0}.Debug|iPhoneSimulator.ActiveCfg = Debug|Any CPU
		{FAA13630-ADB1-4F33-BBE1-D413259914D0}.Debug|iPhoneSimulator.Build.0 = Debug|Any CPU
		{FAA13630-ADB1-4F33-BBE1-D413259914D0}.Debug|iPhoneSimulator.Deploy.0 = Debug|Any CPU
		{FAA13630-ADB1-4F33-BBE1-D413259914D0}.Debug|x64.ActiveCfg = Debug|Any CPU
		{FAA13630-ADB1-4F33-BBE1-D413259914D0}.Debug|x64.Build.0 = Debug|Any CPU
		{FAA13630-ADB1-4F33-BBE1-D413259914D0}.Debug|x64.Deploy.0 = Debug|Any CPU
		{FAA13630-ADB1-4F33-BBE1-D413259914D0}.Debug|x86.ActiveCfg = Debug|Any CPU
		{FAA13630-ADB1-4F33-BBE1-D413259914D0}.Debug|x86.Build.0 = Debug|Any CPU
		{FAA13630-ADB1-4F33-BBE1-D413259914D0}.Debug|x86.Deploy.0 = Debug|Any CPU
		{FAA13630-ADB1-4F33-BBE1-D413259914D0}.Release|Any CPU.ActiveCfg = Release|Any CPU
		{FAA13630-ADB1-4F33-BBE1-D413259914D0}.Release|Any CPU.Build.0 = Release|Any CPU
		{FAA13630-ADB1-4F33-BBE1-D413259914D0}.Release|Any CPU.Deploy.0 = Release|Any CPU
		{FAA13630-ADB1-4F33-BBE1-D413259914D0}.Release|ARM.ActiveCfg = Release|Any CPU
		{FAA13630-ADB1-4F33-BBE1-D413259914D0}.Release|ARM.Build.0 = Release|Any CPU
		{FAA13630-ADB1-4F33-BBE1-D413259914D0}.Release|ARM.Deploy.0 = Release|Any CPU
		{FAA13630-ADB1-4F33-BBE1-D413259914D0}.Release|iPhone.ActiveCfg = Release|Any CPU
		{FAA13630-ADB1-4F33-BBE1-D413259914D0}.Release|iPhone.Build.0 = Release|Any CPU
		{FAA13630-ADB1-4F33-BBE1-D413259914D0}.Release|iPhone.Deploy.0 = Release|Any CPU
		{FAA13630-ADB1-4F33-BBE1-D413259914D0}.Release|iPhoneSimulator.ActiveCfg = Release|Any CPU
		{FAA13630-ADB1-4F33-BBE1-D413259914D0}.Release|iPhoneSimulator.Build.0 = Release|Any CPU
		{FAA13630-ADB1-4F33-BBE1-D413259914D0}.Release|iPhoneSimulator.Deploy.0 = Release|Any CPU
		{FAA13630-ADB1-4F33-BBE1-D413259914D0}.Release|x64.ActiveCfg = Release|Any CPU
		{FAA13630-ADB1-4F33-BBE1-D413259914D0}.Release|x64.Build.0 = Release|Any CPU
		{FAA13630-ADB1-4F33-BBE1-D413259914D0}.Release|x64.Deploy.0 = Release|Any CPU
		{FAA13630-ADB1-4F33-BBE1-D413259914D0}.Release|x86.ActiveCfg = Release|Any CPU
		{FAA13630-ADB1-4F33-BBE1-D413259914D0}.Release|x86.Build.0 = Release|Any CPU
		{FAA13630-ADB1-4F33-BBE1-D413259914D0}.Release|x86.Deploy.0 = Release|Any CPU
		{DEA1E715-D35E-4692-9BB5-8597484E6D26}.Ad-Hoc|Any CPU.ActiveCfg = Ad-Hoc|iPhone
		{DEA1E715-D35E-4692-9BB5-8597484E6D26}.Ad-Hoc|Any CPU.Build.0 = Ad-Hoc|iPhone
		{DEA1E715-D35E-4692-9BB5-8597484E6D26}.Ad-Hoc|Any CPU.Deploy.0 = Ad-Hoc|iPhone
		{DEA1E715-D35E-4692-9BB5-8597484E6D26}.Ad-Hoc|ARM.ActiveCfg = Ad-Hoc|iPhone
		{DEA1E715-D35E-4692-9BB5-8597484E6D26}.Ad-Hoc|ARM.Build.0 = Ad-Hoc|iPhone
		{DEA1E715-D35E-4692-9BB5-8597484E6D26}.Ad-Hoc|ARM.Deploy.0 = Ad-Hoc|iPhone
		{DEA1E715-D35E-4692-9BB5-8597484E6D26}.Ad-Hoc|iPhone.ActiveCfg = Ad-Hoc|iPhone
		{DEA1E715-D35E-4692-9BB5-8597484E6D26}.Ad-Hoc|iPhone.Build.0 = Ad-Hoc|iPhone
		{DEA1E715-D35E-4692-9BB5-8597484E6D26}.Ad-Hoc|iPhone.Deploy.0 = Ad-Hoc|iPhone
		{DEA1E715-D35E-4692-9BB5-8597484E6D26}.Ad-Hoc|iPhoneSimulator.ActiveCfg = Ad-Hoc|iPhoneSimulator
		{DEA1E715-D35E-4692-9BB5-8597484E6D26}.Ad-Hoc|iPhoneSimulator.Build.0 = Ad-Hoc|iPhoneSimulator
		{DEA1E715-D35E-4692-9BB5-8597484E6D26}.Ad-Hoc|iPhoneSimulator.Deploy.0 = Ad-Hoc|iPhoneSimulator
		{DEA1E715-D35E-4692-9BB5-8597484E6D26}.Ad-Hoc|x64.ActiveCfg = Ad-Hoc|iPhone
		{DEA1E715-D35E-4692-9BB5-8597484E6D26}.Ad-Hoc|x64.Build.0 = Ad-Hoc|iPhone
		{DEA1E715-D35E-4692-9BB5-8597484E6D26}.Ad-Hoc|x64.Deploy.0 = Ad-Hoc|iPhone
		{DEA1E715-D35E-4692-9BB5-8597484E6D26}.Ad-Hoc|x86.ActiveCfg = Ad-Hoc|iPhone
		{DEA1E715-D35E-4692-9BB5-8597484E6D26}.Ad-Hoc|x86.Build.0 = Ad-Hoc|iPhone
		{DEA1E715-D35E-4692-9BB5-8597484E6D26}.Ad-Hoc|x86.Deploy.0 = Ad-Hoc|iPhone
		{DEA1E715-D35E-4692-9BB5-8597484E6D26}.AppStore|Any CPU.ActiveCfg = AppStore|iPhone
		{DEA1E715-D35E-4692-9BB5-8597484E6D26}.AppStore|Any CPU.Build.0 = AppStore|iPhone
		{DEA1E715-D35E-4692-9BB5-8597484E6D26}.AppStore|Any CPU.Deploy.0 = AppStore|iPhone
		{DEA1E715-D35E-4692-9BB5-8597484E6D26}.AppStore|ARM.ActiveCfg = AppStore|iPhone
		{DEA1E715-D35E-4692-9BB5-8597484E6D26}.AppStore|ARM.Build.0 = AppStore|iPhone
		{DEA1E715-D35E-4692-9BB5-8597484E6D26}.AppStore|ARM.Deploy.0 = AppStore|iPhone
		{DEA1E715-D35E-4692-9BB5-8597484E6D26}.AppStore|iPhone.ActiveCfg = AppStore|iPhone
		{DEA1E715-D35E-4692-9BB5-8597484E6D26}.AppStore|iPhone.Build.0 = AppStore|iPhone
		{DEA1E715-D35E-4692-9BB5-8597484E6D26}.AppStore|iPhone.Deploy.0 = AppStore|iPhone
		{DEA1E715-D35E-4692-9BB5-8597484E6D26}.AppStore|iPhoneSimulator.ActiveCfg = AppStore|iPhoneSimulator
		{DEA1E715-D35E-4692-9BB5-8597484E6D26}.AppStore|iPhoneSimulator.Build.0 = AppStore|iPhoneSimulator
		{DEA1E715-D35E-4692-9BB5-8597484E6D26}.AppStore|iPhoneSimulator.Deploy.0 = AppStore|iPhoneSimulator
		{DEA1E715-D35E-4692-9BB5-8597484E6D26}.AppStore|x64.ActiveCfg = AppStore|iPhone
		{DEA1E715-D35E-4692-9BB5-8597484E6D26}.AppStore|x64.Build.0 = AppStore|iPhone
		{DEA1E715-D35E-4692-9BB5-8597484E6D26}.AppStore|x64.Deploy.0 = AppStore|iPhone
		{DEA1E715-D35E-4692-9BB5-8597484E6D26}.AppStore|x86.ActiveCfg = AppStore|iPhone
		{DEA1E715-D35E-4692-9BB5-8597484E6D26}.AppStore|x86.Build.0 = AppStore|iPhone
		{DEA1E715-D35E-4692-9BB5-8597484E6D26}.AppStore|x86.Deploy.0 = AppStore|iPhone
		{DEA1E715-D35E-4692-9BB5-8597484E6D26}.Debug|Any CPU.ActiveCfg = Debug|iPhoneSimulator
		{DEA1E715-D35E-4692-9BB5-8597484E6D26}.Debug|Any CPU.Build.0 = Debug|iPhoneSimulator
		{DEA1E715-D35E-4692-9BB5-8597484E6D26}.Debug|Any CPU.Deploy.0 = Debug|iPhoneSimulator
		{DEA1E715-D35E-4692-9BB5-8597484E6D26}.Debug|ARM.ActiveCfg = Debug|iPhone
		{DEA1E715-D35E-4692-9BB5-8597484E6D26}.Debug|ARM.Build.0 = Debug|iPhone
		{DEA1E715-D35E-4692-9BB5-8597484E6D26}.Debug|ARM.Deploy.0 = Debug|iPhone
		{DEA1E715-D35E-4692-9BB5-8597484E6D26}.Debug|iPhone.ActiveCfg = Debug|iPhone
		{DEA1E715-D35E-4692-9BB5-8597484E6D26}.Debug|iPhone.Build.0 = Debug|iPhone
		{DEA1E715-D35E-4692-9BB5-8597484E6D26}.Debug|iPhone.Deploy.0 = Debug|iPhone
		{DEA1E715-D35E-4692-9BB5-8597484E6D26}.Debug|iPhoneSimulator.ActiveCfg = Debug|iPhoneSimulator
		{DEA1E715-D35E-4692-9BB5-8597484E6D26}.Debug|iPhoneSimulator.Build.0 = Debug|iPhoneSimulator
		{DEA1E715-D35E-4692-9BB5-8597484E6D26}.Debug|iPhoneSimulator.Deploy.0 = Debug|iPhoneSimulator
		{DEA1E715-D35E-4692-9BB5-8597484E6D26}.Debug|x64.ActiveCfg = Debug|iPhone
		{DEA1E715-D35E-4692-9BB5-8597484E6D26}.Debug|x64.Build.0 = Debug|iPhone
		{DEA1E715-D35E-4692-9BB5-8597484E6D26}.Debug|x64.Deploy.0 = Debug|iPhone
		{DEA1E715-D35E-4692-9BB5-8597484E6D26}.Debug|x86.ActiveCfg = Debug|iPhone
		{DEA1E715-D35E-4692-9BB5-8597484E6D26}.Debug|x86.Build.0 = Debug|iPhone
		{DEA1E715-D35E-4692-9BB5-8597484E6D26}.Debug|x86.Deploy.0 = Debug|iPhone
		{DEA1E715-D35E-4692-9BB5-8597484E6D26}.Release|Any CPU.ActiveCfg = Release|iPhone
		{DEA1E715-D35E-4692-9BB5-8597484E6D26}.Release|Any CPU.Build.0 = Release|iPhone
		{DEA1E715-D35E-4692-9BB5-8597484E6D26}.Release|Any CPU.Deploy.0 = Release|iPhone
		{DEA1E715-D35E-4692-9BB5-8597484E6D26}.Release|ARM.ActiveCfg = Release|iPhone
		{DEA1E715-D35E-4692-9BB5-8597484E6D26}.Release|ARM.Build.0 = Release|iPhone
		{DEA1E715-D35E-4692-9BB5-8597484E6D26}.Release|ARM.Deploy.0 = Release|iPhone
		{DEA1E715-D35E-4692-9BB5-8597484E6D26}.Release|iPhone.ActiveCfg = Release|iPhone
		{DEA1E715-D35E-4692-9BB5-8597484E6D26}.Release|iPhone.Build.0 = Release|iPhone
		{DEA1E715-D35E-4692-9BB5-8597484E6D26}.Release|iPhone.Deploy.0 = Release|iPhone
		{DEA1E715-D35E-4692-9BB5-8597484E6D26}.Release|iPhoneSimulator.ActiveCfg = Release|iPhoneSimulator
		{DEA1E715-D35E-4692-9BB5-8597484E6D26}.Release|iPhoneSimulator.Build.0 = Release|iPhoneSimulator
		{DEA1E715-D35E-4692-9BB5-8597484E6D26}.Release|iPhoneSimulator.Deploy.0 = Release|iPhoneSimulator
		{DEA1E715-D35E-4692-9BB5-8597484E6D26}.Release|x64.ActiveCfg = Release|iPhone
		{DEA1E715-D35E-4692-9BB5-8597484E6D26}.Release|x64.Build.0 = Release|iPhone
		{DEA1E715-D35E-4692-9BB5-8597484E6D26}.Release|x64.Deploy.0 = Release|iPhone
		{DEA1E715-D35E-4692-9BB5-8597484E6D26}.Release|x86.ActiveCfg = Release|iPhone
		{DEA1E715-D35E-4692-9BB5-8597484E6D26}.Release|x86.Build.0 = Release|iPhone
		{DEA1E715-D35E-4692-9BB5-8597484E6D26}.Release|x86.Deploy.0 = Release|iPhone
		{36054587-341E-41A2-899E-A635B27DE3C3}.Ad-Hoc|Any CPU.ActiveCfg = Release|x86
		{36054587-341E-41A2-899E-A635B27DE3C3}.Ad-Hoc|Any CPU.Build.0 = Release|x86
		{36054587-341E-41A2-899E-A635B27DE3C3}.Ad-Hoc|Any CPU.Deploy.0 = Release|x86
		{36054587-341E-41A2-899E-A635B27DE3C3}.Ad-Hoc|ARM.ActiveCfg = Release|ARM
		{36054587-341E-41A2-899E-A635B27DE3C3}.Ad-Hoc|ARM.Build.0 = Release|ARM
		{36054587-341E-41A2-899E-A635B27DE3C3}.Ad-Hoc|ARM.Deploy.0 = Release|ARM
		{36054587-341E-41A2-899E-A635B27DE3C3}.Ad-Hoc|iPhone.ActiveCfg = Release|x86
		{36054587-341E-41A2-899E-A635B27DE3C3}.Ad-Hoc|iPhone.Build.0 = Release|x86
		{36054587-341E-41A2-899E-A635B27DE3C3}.Ad-Hoc|iPhone.Deploy.0 = Release|x86
		{36054587-341E-41A2-899E-A635B27DE3C3}.Ad-Hoc|iPhoneSimulator.ActiveCfg = Release|x86
		{36054587-341E-41A2-899E-A635B27DE3C3}.Ad-Hoc|iPhoneSimulator.Build.0 = Release|x86
		{36054587-341E-41A2-899E-A635B27DE3C3}.Ad-Hoc|iPhoneSimulator.Deploy.0 = Release|x86
		{36054587-341E-41A2-899E-A635B27DE3C3}.Ad-Hoc|x64.ActiveCfg = Release|x64
		{36054587-341E-41A2-899E-A635B27DE3C3}.Ad-Hoc|x64.Build.0 = Release|x64
		{36054587-341E-41A2-899E-A635B27DE3C3}.Ad-Hoc|x64.Deploy.0 = Release|x64
		{36054587-341E-41A2-899E-A635B27DE3C3}.Ad-Hoc|x86.ActiveCfg = Release|x86
		{36054587-341E-41A2-899E-A635B27DE3C3}.Ad-Hoc|x86.Build.0 = Release|x86
		{36054587-341E-41A2-899E-A635B27DE3C3}.Ad-Hoc|x86.Deploy.0 = Release|x86
		{36054587-341E-41A2-899E-A635B27DE3C3}.AppStore|Any CPU.ActiveCfg = Release|x86
		{36054587-341E-41A2-899E-A635B27DE3C3}.AppStore|Any CPU.Build.0 = Release|x86
		{36054587-341E-41A2-899E-A635B27DE3C3}.AppStore|Any CPU.Deploy.0 = Release|x86
		{36054587-341E-41A2-899E-A635B27DE3C3}.AppStore|ARM.ActiveCfg = Release|ARM
		{36054587-341E-41A2-899E-A635B27DE3C3}.AppStore|ARM.Build.0 = Release|ARM
		{36054587-341E-41A2-899E-A635B27DE3C3}.AppStore|ARM.Deploy.0 = Release|ARM
		{36054587-341E-41A2-899E-A635B27DE3C3}.AppStore|iPhone.ActiveCfg = Release|x86
		{36054587-341E-41A2-899E-A635B27DE3C3}.AppStore|iPhone.Build.0 = Release|x86
		{36054587-341E-41A2-899E-A635B27DE3C3}.AppStore|iPhone.Deploy.0 = Release|x86
		{36054587-341E-41A2-899E-A635B27DE3C3}.AppStore|iPhoneSimulator.ActiveCfg = Release|x86
		{36054587-341E-41A2-899E-A635B27DE3C3}.AppStore|iPhoneSimulator.Build.0 = Release|x86
		{36054587-341E-41A2-899E-A635B27DE3C3}.AppStore|iPhoneSimulator.Deploy.0 = Release|x86
		{36054587-341E-41A2-899E-A635B27DE3C3}.AppStore|x64.ActiveCfg = Release|x64
		{36054587-341E-41A2-899E-A635B27DE3C3}.AppStore|x64.Build.0 = Release|x64
		{36054587-341E-41A2-899E-A635B27DE3C3}.AppStore|x64.Deploy.0 = Release|x64
		{36054587-341E-41A2-899E-A635B27DE3C3}.AppStore|x86.ActiveCfg = Release|x86
		{36054587-341E-41A2-899E-A635B27DE3C3}.AppStore|x86.Build.0 = Release|x86
		{36054587-341E-41A2-899E-A635B27DE3C3}.AppStore|x86.Deploy.0 = Release|x86
		{36054587-341E-41A2-899E-A635B27DE3C3}.Debug|Any CPU.ActiveCfg = Debug|x86
		{36054587-341E-41A2-899E-A635B27DE3C3}.Debug|Any CPU.Build.0 = Debug|x86
		{36054587-341E-41A2-899E-A635B27DE3C3}.Debug|Any CPU.Deploy.0 = Debug|x86
		{36054587-341E-41A2-899E-A635B27DE3C3}.Debug|ARM.ActiveCfg = Debug|ARM
		{36054587-341E-41A2-899E-A635B27DE3C3}.Debug|ARM.Build.0 = Debug|ARM
		{36054587-341E-41A2-899E-A635B27DE3C3}.Debug|ARM.Deploy.0 = Debug|ARM
		{36054587-341E-41A2-899E-A635B27DE3C3}.Debug|iPhone.ActiveCfg = Debug|x86
		{36054587-341E-41A2-899E-A635B27DE3C3}.Debug|iPhone.Build.0 = Debug|x86
		{36054587-341E-41A2-899E-A635B27DE3C3}.Debug|iPhone.Deploy.0 = Debug|x86
		{36054587-341E-41A2-899E-A635B27DE3C3}.Debug|iPhoneSimulator.ActiveCfg = Debug|x86
		{36054587-341E-41A2-899E-A635B27DE3C3}.Debug|iPhoneSimulator.Build.0 = Debug|x86
		{36054587-341E-41A2-899E-A635B27DE3C3}.Debug|iPhoneSimulator.Deploy.0 = Debug|x86
		{36054587-341E-41A2-899E-A635B27DE3C3}.Debug|x64.ActiveCfg = Debug|x64
		{36054587-341E-41A2-899E-A635B27DE3C3}.Debug|x64.Build.0 = Debug|x64
		{36054587-341E-41A2-899E-A635B27DE3C3}.Debug|x64.Deploy.0 = Debug|x64
		{36054587-341E-41A2-899E-A635B27DE3C3}.Debug|x86.ActiveCfg = Debug|x86
		{36054587-341E-41A2-899E-A635B27DE3C3}.Debug|x86.Build.0 = Debug|x86
		{36054587-341E-41A2-899E-A635B27DE3C3}.Debug|x86.Deploy.0 = Debug|x86
		{36054587-341E-41A2-899E-A635B27DE3C3}.Release|Any CPU.ActiveCfg = Release|x86
		{36054587-341E-41A2-899E-A635B27DE3C3}.Release|Any CPU.Build.0 = Release|x86
		{36054587-341E-41A2-899E-A635B27DE3C3}.Release|Any CPU.Deploy.0 = Release|x86
		{36054587-341E-41A2-899E-A635B27DE3C3}.Release|ARM.ActiveCfg = Release|ARM
		{36054587-341E-41A2-899E-A635B27DE3C3}.Release|ARM.Build.0 = Release|ARM
		{36054587-341E-41A2-899E-A635B27DE3C3}.Release|ARM.Deploy.0 = Release|ARM
		{36054587-341E-41A2-899E-A635B27DE3C3}.Release|iPhone.ActiveCfg = Release|x86
		{36054587-341E-41A2-899E-A635B27DE3C3}.Release|iPhone.Build.0 = Release|x86
		{36054587-341E-41A2-899E-A635B27DE3C3}.Release|iPhone.Deploy.0 = Release|x86
		{36054587-341E-41A2-899E-A635B27DE3C3}.Release|iPhoneSimulator.ActiveCfg = Release|x86
		{36054587-341E-41A2-899E-A635B27DE3C3}.Release|iPhoneSimulator.Build.0 = Release|x86
		{36054587-341E-41A2-899E-A635B27DE3C3}.Release|iPhoneSimulator.Deploy.0 = Release|x86
		{36054587-341E-41A2-899E-A635B27DE3C3}.Release|x64.ActiveCfg = Release|x64
		{36054587-341E-41A2-899E-A635B27DE3C3}.Release|x64.Build.0 = Release|x64
		{36054587-341E-41A2-899E-A635B27DE3C3}.Release|x64.Deploy.0 = Release|x64
		{36054587-341E-41A2-899E-A635B27DE3C3}.Release|x86.ActiveCfg = Release|x86
		{36054587-341E-41A2-899E-A635B27DE3C3}.Release|x86.Build.0 = Release|x86
		{36054587-341E-41A2-899E-A635B27DE3C3}.Release|x86.Deploy.0 = Release|x86
		{8BB23A8A-82C2-4370-9CB4-94A27E156F2F}.Ad-Hoc|Any CPU.ActiveCfg = Debug|Any CPU
		{8BB23A8A-82C2-4370-9CB4-94A27E156F2F}.Ad-Hoc|Any CPU.Build.0 = Debug|Any CPU
		{8BB23A8A-82C2-4370-9CB4-94A27E156F2F}.Ad-Hoc|Any CPU.Deploy.0 = Debug|Any CPU
		{8BB23A8A-82C2-4370-9CB4-94A27E156F2F}.Ad-Hoc|ARM.ActiveCfg = Debug|Any CPU
		{8BB23A8A-82C2-4370-9CB4-94A27E156F2F}.Ad-Hoc|ARM.Build.0 = Debug|Any CPU
		{8BB23A8A-82C2-4370-9CB4-94A27E156F2F}.Ad-Hoc|ARM.Deploy.0 = Debug|Any CPU
		{8BB23A8A-82C2-4370-9CB4-94A27E156F2F}.Ad-Hoc|iPhone.ActiveCfg = Debug|Any CPU
		{8BB23A8A-82C2-4370-9CB4-94A27E156F2F}.Ad-Hoc|iPhone.Build.0 = Debug|Any CPU
		{8BB23A8A-82C2-4370-9CB4-94A27E156F2F}.Ad-Hoc|iPhone.Deploy.0 = Debug|Any CPU
		{8BB23A8A-82C2-4370-9CB4-94A27E156F2F}.Ad-Hoc|iPhoneSimulator.ActiveCfg = Debug|Any CPU
		{8BB23A8A-82C2-4370-9CB4-94A27E156F2F}.Ad-Hoc|iPhoneSimulator.Build.0 = Debug|Any CPU
		{8BB23A8A-82C2-4370-9CB4-94A27E156F2F}.Ad-Hoc|iPhoneSimulator.Deploy.0 = Debug|Any CPU
		{8BB23A8A-82C2-4370-9CB4-94A27E156F2F}.Ad-Hoc|x64.ActiveCfg = Debug|Any CPU
		{8BB23A8A-82C2-4370-9CB4-94A27E156F2F}.Ad-Hoc|x64.Build.0 = Debug|Any CPU
		{8BB23A8A-82C2-4370-9CB4-94A27E156F2F}.Ad-Hoc|x64.Deploy.0 = Debug|Any CPU
		{8BB23A8A-82C2-4370-9CB4-94A27E156F2F}.Ad-Hoc|x86.ActiveCfg = Debug|Any CPU
		{8BB23A8A-82C2-4370-9CB4-94A27E156F2F}.Ad-Hoc|x86.Build.0 = Debug|Any CPU
		{8BB23A8A-82C2-4370-9CB4-94A27E156F2F}.Ad-Hoc|x86.Deploy.0 = Debug|Any CPU
		{8BB23A8A-82C2-4370-9CB4-94A27E156F2F}.AppStore|Any CPU.ActiveCfg = Debug|Any CPU
		{8BB23A8A-82C2-4370-9CB4-94A27E156F2F}.AppStore|Any CPU.Build.0 = Debug|Any CPU
		{8BB23A8A-82C2-4370-9CB4-94A27E156F2F}.AppStore|Any CPU.Deploy.0 = Debug|Any CPU
		{8BB23A8A-82C2-4370-9CB4-94A27E156F2F}.AppStore|ARM.ActiveCfg = Debug|Any CPU
		{8BB23A8A-82C2-4370-9CB4-94A27E156F2F}.AppStore|ARM.Build.0 = Debug|Any CPU
		{8BB23A8A-82C2-4370-9CB4-94A27E156F2F}.AppStore|ARM.Deploy.0 = Debug|Any CPU
		{8BB23A8A-82C2-4370-9CB4-94A27E156F2F}.AppStore|iPhone.ActiveCfg = Debug|Any CPU
		{8BB23A8A-82C2-4370-9CB4-94A27E156F2F}.AppStore|iPhone.Build.0 = Debug|Any CPU
		{8BB23A8A-82C2-4370-9CB4-94A27E156F2F}.AppStore|iPhone.Deploy.0 = Debug|Any CPU
		{8BB23A8A-82C2-4370-9CB4-94A27E156F2F}.AppStore|iPhoneSimulator.ActiveCfg = Debug|Any CPU
		{8BB23A8A-82C2-4370-9CB4-94A27E156F2F}.AppStore|iPhoneSimulator.Build.0 = Debug|Any CPU
		{8BB23A8A-82C2-4370-9CB4-94A27E156F2F}.AppStore|iPhoneSimulator.Deploy.0 = Debug|Any CPU
		{8BB23A8A-82C2-4370-9CB4-94A27E156F2F}.AppStore|x64.ActiveCfg = Debug|Any CPU
		{8BB23A8A-82C2-4370-9CB4-94A27E156F2F}.AppStore|x64.Build.0 = Debug|Any CPU
		{8BB23A8A-82C2-4370-9CB4-94A27E156F2F}.AppStore|x64.Deploy.0 = Debug|Any CPU
		{8BB23A8A-82C2-4370-9CB4-94A27E156F2F}.AppStore|x86.ActiveCfg = Debug|Any CPU
		{8BB23A8A-82C2-4370-9CB4-94A27E156F2F}.AppStore|x86.Build.0 = Debug|Any CPU
		{8BB23A8A-82C2-4370-9CB4-94A27E156F2F}.AppStore|x86.Deploy.0 = Debug|Any CPU
		{8BB23A8A-82C2-4370-9CB4-94A27E156F2F}.Debug|Any CPU.ActiveCfg = Debug|Any CPU
		{8BB23A8A-82C2-4370-9CB4-94A27E156F2F}.Debug|Any CPU.Build.0 = Debug|Any CPU
		{8BB23A8A-82C2-4370-9CB4-94A27E156F2F}.Debug|Any CPU.Deploy.0 = Debug|Any CPU
		{8BB23A8A-82C2-4370-9CB4-94A27E156F2F}.Debug|ARM.ActiveCfg = Debug|Any CPU
		{8BB23A8A-82C2-4370-9CB4-94A27E156F2F}.Debug|ARM.Build.0 = Debug|Any CPU
		{8BB23A8A-82C2-4370-9CB4-94A27E156F2F}.Debug|ARM.Deploy.0 = Debug|Any CPU
		{8BB23A8A-82C2-4370-9CB4-94A27E156F2F}.Debug|iPhone.ActiveCfg = Debug|Any CPU
		{8BB23A8A-82C2-4370-9CB4-94A27E156F2F}.Debug|iPhone.Build.0 = Debug|Any CPU
		{8BB23A8A-82C2-4370-9CB4-94A27E156F2F}.Debug|iPhone.Deploy.0 = Debug|Any CPU
		{8BB23A8A-82C2-4370-9CB4-94A27E156F2F}.Debug|iPhoneSimulator.ActiveCfg = Debug|Any CPU
		{8BB23A8A-82C2-4370-9CB4-94A27E156F2F}.Debug|iPhoneSimulator.Build.0 = Debug|Any CPU
		{8BB23A8A-82C2-4370-9CB4-94A27E156F2F}.Debug|iPhoneSimulator.Deploy.0 = Debug|Any CPU
		{8BB23A8A-82C2-4370-9CB4-94A27E156F2F}.Debug|x64.ActiveCfg = Debug|Any CPU
		{8BB23A8A-82C2-4370-9CB4-94A27E156F2F}.Debug|x64.Build.0 = Debug|Any CPU
		{8BB23A8A-82C2-4370-9CB4-94A27E156F2F}.Debug|x64.Deploy.0 = Debug|Any CPU
		{8BB23A8A-82C2-4370-9CB4-94A27E156F2F}.Debug|x86.ActiveCfg = Debug|Any CPU
		{8BB23A8A-82C2-4370-9CB4-94A27E156F2F}.Debug|x86.Build.0 = Debug|Any CPU
		{8BB23A8A-82C2-4370-9CB4-94A27E156F2F}.Debug|x86.Deploy.0 = Debug|Any CPU
		{8BB23A8A-82C2-4370-9CB4-94A27E156F2F}.Release|Any CPU.ActiveCfg = Release|Any CPU
		{8BB23A8A-82C2-4370-9CB4-94A27E156F2F}.Release|Any CPU.Build.0 = Release|Any CPU
		{8BB23A8A-82C2-4370-9CB4-94A27E156F2F}.Release|Any CPU.Deploy.0 = Release|Any CPU
		{8BB23A8A-82C2-4370-9CB4-94A27E156F2F}.Release|ARM.ActiveCfg = Release|Any CPU
		{8BB23A8A-82C2-4370-9CB4-94A27E156F2F}.Release|ARM.Build.0 = Release|Any CPU
		{8BB23A8A-82C2-4370-9CB4-94A27E156F2F}.Release|ARM.Deploy.0 = Release|Any CPU
		{8BB23A8A-82C2-4370-9CB4-94A27E156F2F}.Release|iPhone.ActiveCfg = Release|Any CPU
		{8BB23A8A-82C2-4370-9CB4-94A27E156F2F}.Release|iPhone.Build.0 = Release|Any CPU
		{8BB23A8A-82C2-4370-9CB4-94A27E156F2F}.Release|iPhone.Deploy.0 = Release|Any CPU
		{8BB23A8A-82C2-4370-9CB4-94A27E156F2F}.Release|iPhoneSimulator.ActiveCfg = Release|Any CPU
		{8BB23A8A-82C2-4370-9CB4-94A27E156F2F}.Release|iPhoneSimulator.Build.0 = Release|Any CPU
		{8BB23A8A-82C2-4370-9CB4-94A27E156F2F}.Release|iPhoneSimulator.Deploy.0 = Release|Any CPU
		{8BB23A8A-82C2-4370-9CB4-94A27E156F2F}.Release|x64.ActiveCfg = Release|Any CPU
		{8BB23A8A-82C2-4370-9CB4-94A27E156F2F}.Release|x64.Build.0 = Release|Any CPU
		{8BB23A8A-82C2-4370-9CB4-94A27E156F2F}.Release|x64.Deploy.0 = Release|Any CPU
		{8BB23A8A-82C2-4370-9CB4-94A27E156F2F}.Release|x86.ActiveCfg = Release|Any CPU
		{8BB23A8A-82C2-4370-9CB4-94A27E156F2F}.Release|x86.Build.0 = Release|Any CPU
		{8BB23A8A-82C2-4370-9CB4-94A27E156F2F}.Release|x86.Deploy.0 = Release|Any CPU
	EndGlobalSection
	GlobalSection(SolutionProperties) = preSolution
		HideSolutionNode = FALSE
	EndGlobalSection
	GlobalSection(ExtensibilityGlobals) = postSolution
		SolutionGuid = {1968002F-50A9-4A74-B1AC-BE51A51C8FF4}
	EndGlobalSection
EndGlobal
